
Microsoft Visual Studio Solution File, Format Version 12.00
# Visual Studio Version 17
VisualStudioVersion = 17.9.34714.143
MinimumVisualStudioVersion = 10.0.40219.1
Project("{FAE04EC0-301F-11D3-BF4B-00C04F79EFBC}") = "SU24_PRN212_SE1717_Group3", "SU24_PRN212_SE1717_Group3\SU24_PRN212_SE1717_Group3.csproj", "{E6637260-2137-40BE-B383-8788502DFDCE}"
EndProject
Global
	GlobalSection(SolutionConfigurationPlatforms) = preSolution
		Debug|Any CPU = Debug|Any CPU
		Release|Any CPU = Release|Any CPU
	EndGlobalSection
	GlobalSection(ProjectConfigurationPlatforms) = postSolution
		{E6637260-2137-40BE-B383-8788502DFDCE}.Debug|Any CPU.ActiveCfg = Debug|Any CPU
		{E6637260-2137-40BE-B383-8788502DFDCE}.Debug|Any CPU.Build.0 = Debug|Any CPU
		{E6637260-2137-40BE-B383-8788502DFDCE}.Release|Any CPU.ActiveCfg = Release|Any CPU
		{E6637260-2137-40BE-B383-8788502DFDCE}.Release|Any CPU.Build.0 = Release|Any CPU
	EndGlobalSection
	GlobalSection(SolutionProperties) = preSolution
		HideSolutionNode = FALSE
	EndGlobalSection
	GlobalSection(ExtensibilityGlobals) = postSolution
		SolutionGuid = {CF32AE1B-9A3C-427C-ACB4-791F21DCF294}
	EndGlobalSection
EndGlobal
